
Microsoft Visual Studio Solution File, Format Version 12.00
# Visual Studio Version 16
VisualStudioVersion = 16.0.32929.386
MinimumVisualStudioVersion = 10.0.40219.1
Project("{FAE04EC0-301F-11D3-BF4B-00C04F79EFBC}") = "Imobiliaria", "Imobiliaria\Imobiliaria.csproj", "{B319B8DB-90E5-4C01-8B3F-5BBBD2CF5961}"
EndProject
Global
	GlobalSection(SolutionConfigurationPlatforms) = preSolution
		Debug|Any CPU = Debug|Any CPU
		Release|Any CPU = Release|Any CPU
	EndGlobalSection
	GlobalSection(ProjectConfigurationPlatforms) = postSolution
		{B319B8DB-90E5-4C01-8B3F-5BBBD2CF5961}.Debug|Any CPU.ActiveCfg = Debug|Any CPU
		{B319B8DB-90E5-4C01-8B3F-5BBBD2CF5961}.Debug|Any CPU.Build.0 = Debug|Any CPU
		{B319B8DB-90E5-4C01-8B3F-5BBBD2CF5961}.Release|Any CPU.ActiveCfg = Release|Any CPU
		{B319B8DB-90E5-4C01-8B3F-5BBBD2CF5961}.Release|Any CPU.Build.0 = Release|Any CPU
	EndGlobalSection
	GlobalSection(SolutionProperties) = preSolution
		HideSolutionNode = FALSE
	EndGlobalSection
	GlobalSection(ExtensibilityGlobals) = postSolution
		SolutionGuid = {EC1B19C2-A9E0-4F6B-B5FA-DD4ABD763641}
	EndGlobalSection
EndGlobal
